
Microsoft Visual Studio Solution File, Format Version 10.00
# Visual Basic Express 2008
Project("{F184B08F-C81C-45F6-A57F-5ABD9991F28F}") = "Tom's Interest Calc", "Tom's Interest Calc\Tom's Interest Calc.vbproj", "{806F4D6B-E10D-4100-A2E8-AF3C35C69057}"
EndProject
Global
	GlobalSection(SolutionConfigurationPlatforms) = preSolution
		Debug|Any CPU = Debug|Any CPU
		Release|Any CPU = Release|Any CPU
	EndGlobalSection
	GlobalSection(ProjectConfigurationPlatforms) = postSolution
		{806F4D6B-E10D-4100-A2E8-AF3C35C69057}.Debug|Any CPU.ActiveCfg = Debug|Any CPU
		{806F4D6B-E10D-4100-A2E8-AF3C35C69057}.Debug|Any CPU.Build.0 = Debug|Any CPU
		{806F4D6B-E10D-4100-A2E8-AF3C35C69057}.Release|Any CPU.ActiveCfg = Release|Any CPU
		{806F4D6B-E10D-4100-A2E8-AF3C35C69057}.Release|Any CPU.Build.0 = Release|Any CPU
	EndGlobalSection
	GlobalSection(SolutionProperties) = preSolution
		HideSolutionNode = FALSE
	EndGlobalSection
EndGlobal
